// !$*UTF8*$!
{
	archiveVersion = 1;
	classes = {
	};
	objectVersion = 60;
	objects = {

/* Begin PBXBuildFile section */
		8E0C32C82E09E58F00F22B21 /* LICENSE in Resources */ = {isa = PBXBuildFile; fileRef = 8E0C32C72E09E58F00F22B21 /* LICENSE */; };
		8E0C32CB2E09EC3B00F22B21 /* AddToEncodeQueueIntent.swift in Sources */ = {isa = PBXBuildFile; fileRef = 8E0C32C92E09EC3B00F22B21 /* AddToEncodeQueueIntent.swift */; };
		8E0C32CD2E09EF1C00F22B21 /* ConvertImmediatelyIntent.swift in Sources */ = {isa = PBXBuildFile; fileRef = 8E0C32CC2E09EF1C00F22B21 /* ConvertImmediatelyIntent.swift */; };
		8E0C32CF2E09F5F100F22B21 /* ffmpeg-LICENSE.txt in Resources */ = {isa = PBXBuildFile; fileRef = 8E0C32CE2E09F5E400F22B21 /* ffmpeg-LICENSE.txt */; };
		8E0CA7AA2C3419CA00EA7C37 /* ffmpeg in Resources */ = {isa = PBXBuildFile; fileRef = 8E0CA7A52C34160C00EA7C37 /* ffmpeg */; };
		8E0CA7AC2C3458A400EA7C37 /* ParsingUtils.swift in Sources */ = {isa = PBXBuildFile; fileRef = 8E0CA7AB2C3458A400EA7C37 /* ParsingUtils.swift */; };
		8E2C6BAF2E059AFC00A9379F /* AppConstants.swift in Sources */ = {isa = PBXBuildFile; fileRef = 8E2C6BAD2E059AFC00A9379F /* AppConstants.swift */; };
		8E2C6BBB2E05A0C700A9379F /* Testing in Frameworks */ = {isa = PBXBuildFile; productRef = 8E2C6BBA2E05A0C700A9379F /* Testing */; };
		8E2C6BBD2E05EA3B00A9379F /* VideoFileRowView.swift in Sources */ = {isa = PBXBuildFile; fileRef = 8E2C6BBC2E05EA3B00A9379F /* VideoFileRowView.swift */; };
		8E2C6BBF2E084BC200A9379F /* SecurityScopedBookmarkManager.swift in Sources */ = {isa = PBXBuildFile; fileRef = 8E2C6BBE2E084BC200A9379F /* SecurityScopedBookmarkManager.swift */; };
		8E2CA2A42E09A9F8008D93F1 /* ToDo.md in Resources */ = {isa = PBXBuildFile; fileRef = 8E2CA2A32E09A9F8008D93F1 /* ToDo.md */; };
		8E2CA2A62E09AA09008D93F1 /* readme.md in Resources */ = {isa = PBXBuildFile; fileRef = 8E2CA2A52E09AA03008D93F1 /* readme.md */; };
		8E2FFA3F2E217EEC00C06A0B /* ffprobe in Resources */ = {isa = PBXBuildFile; fileRef = 8E2FFA3E2E217EEC00C06A0B /* ffprobe */; };
		8E545D832C33FD4A0088C274 /* DragAndDropView.swift in Sources */ = {isa = PBXBuildFile; fileRef = 8E545D822C33FD4A0088C274 /* DragAndDropView.swift */; };
		8E545D852C33FD610088C274 /* DocumentPickerView.swift in Sources */ = {isa = PBXBuildFile; fileRef = 8E545D842C33FD610088C274 /* DocumentPickerView.swift */; };
		8E545D872C33FD8C0088C274 /* VideoFilesUtil.swift in Sources */ = {isa = PBXBuildFile; fileRef = 8E545D862C33FD8C0088C274 /* VideoFilesUtil.swift */; };
		8E545D892C34030C0088C274 /* VideoFileListView.swift in Sources */ = {isa = PBXBuildFile; fileRef = 8E545D882C34030C0088C274 /* VideoFileListView.swift */; };
		8E545D8B2C3404040088C274 /* FFMPEGConverter.swift in Sources */ = {isa = PBXBuildFile; fileRef = 8E545D8A2C3404040088C274 /* FFMPEGConverter.swift */; };
		8E545D942C3412AE0088C274 /* ConversionManager.swift in Sources */ = {isa = PBXBuildFile; fileRef = 8E545D932C3412AE0088C274 /* ConversionManager.swift */; };
		8E903F5F2E05642D0075E05C /* FileNameProcessor.swift in Sources */ = {isa = PBXBuildFile; fileRef = 8E903F5E2E05642D0075E05C /* FileNameProcessor.swift */; };
		8EE0BB9C2E0892B70096171D /* SettingsView.swift in Sources */ = {isa = PBXBuildFile; fileRef = 8EE0BB9B2E0892B70096171D /* SettingsView.swift */; };
		8EE0BB9E2E089F520096171D /* DockProgressView.swift in Sources */ = {isa = PBXBuildFile; fileRef = 8EE0BB9D2E089F520096171D /* DockProgressView.swift */; };
		8EE0BBBC2E0980560096171D /* Localizable.xcstrings in Resources */ = {isa = PBXBuildFile; fileRef = 8EE0BBBB2E0980560096171D /* Localizable.xcstrings */; };
		8EE6EE9A2C31FC6B007B629D /* Aagedal_VideoLoop_Converter_2_0App.swift in Sources */ = {isa = PBXBuildFile; fileRef = 8EE6EE992C31FC6B007B629D /* Aagedal_VideoLoop_Converter_2_0App.swift */; };
		8EE6EE9C2C31FC6B007B629D /* ContentView.swift in Sources */ = {isa = PBXBuildFile; fileRef = 8EE6EE9B2C31FC6B007B629D /* ContentView.swift */; };
		8EE6EEA02C31FC6F007B629D /* Assets.xcassets in Resources */ = {isa = PBXBuildFile; fileRef = 8EE6EE9F2C31FC6F007B629D /* Assets.xcassets */; };
		8EE6EEA32C31FC6F007B629D /* Preview Assets.xcassets in Resources */ = {isa = PBXBuildFile; fileRef = 8EE6EEA22C31FC6F007B629D /* Preview Assets.xcassets */; };
		8EE6EEB82C31FC6F007B629D /* Aagedal_VideoLoop_Converter_2_0UITests.swift in Sources */ = {isa = PBXBuildFile; fileRef = 8EE6EEB72C31FC6F007B629D /* Aagedal_VideoLoop_Converter_2_0UITests.swift */; };
		8EE6EEBA2C31FC6F007B629D /* Aagedal_VideoLoop_Converter_2_0UITestsLaunchTests.swift in Sources */ = {isa = PBXBuildFile; fileRef = 8EE6EEB92C31FC6F007B629D /* Aagedal_VideoLoop_Converter_2_0UITestsLaunchTests.swift */; };
/* End PBXBuildFile section */

/* Begin PBXContainerItemProxy section */
		8EE6EEAA2C31FC6F007B629D /* PBXContainerItemProxy */ = {
			isa = PBXContainerItemProxy;
			containerPortal = 8EE6EE8E2C31FC6B007B629D /* Project object */;
			proxyType = 1;
			remoteGlobalIDString = 8EE6EE952C31FC6B007B629D;
			remoteInfo = "Aagedal VideoLoop Converter 2.0";
		};
		8EE6EEB42C31FC6F007B629D /* PBXContainerItemProxy */ = {
			isa = PBXContainerItemProxy;
			containerPortal = 8EE6EE8E2C31FC6B007B629D /* Project object */;
			proxyType = 1;
			remoteGlobalIDString = 8EE6EE952C31FC6B007B629D;
			remoteInfo = "Aagedal VideoLoop Converter 2.0";
		};
/* End PBXContainerItemProxy section */

/* Begin PBXFileReference section */
		8E0C32C72E09E58F00F22B21 /* LICENSE */ = {isa = PBXFileReference; lastKnownFileType = text; path = LICENSE; sourceTree = "<group>"; };
		8E0C32C92E09EC3B00F22B21 /* AddToEncodeQueueIntent.swift */ = {isa = PBXFileReference; lastKnownFileType = sourcecode.swift; path = AddToEncodeQueueIntent.swift; sourceTree = "<group>"; };
		8E0C32CC2E09EF1C00F22B21 /* ConvertImmediatelyIntent.swift */ = {isa = PBXFileReference; lastKnownFileType = sourcecode.swift; path = ConvertImmediatelyIntent.swift; sourceTree = "<group>"; };
		8E0C32CE2E09F5E400F22B21 /* ffmpeg-LICENSE.txt */ = {isa = PBXFileReference; lastKnownFileType = text; path = "ffmpeg-LICENSE.txt"; sourceTree = "<group>"; };
		8E0C32D12E09FDDC00F22B21 /* Aagedal VideoLoop Converter 2.0Debug.entitlements */ = {isa = PBXFileReference; lastKnownFileType = text.plist.entitlements; path = "Aagedal VideoLoop Converter 2.0Debug.entitlements"; sourceTree = "<group>"; };
		8E0CA7A32C34160C00EA7C37 /* done.mp3 */ = {isa = PBXFileReference; lastKnownFileType = audio.mp3; path = done.mp3; sourceTree = "<group>"; };
		8E0CA7A42C34160C00EA7C37 /* error.mp3 */ = {isa = PBXFileReference; lastKnownFileType = audio.mp3; path = error.mp3; sourceTree = "<group>"; };
		8E0CA7A52C34160C00EA7C37 /* ffmpeg */ = {isa = PBXFileReference; lastKnownFileType = "compiled.mach-o.executable"; path = ffmpeg; sourceTree = "<group>"; };
		8E0CA7AB2C3458A400EA7C37 /* ParsingUtils.swift */ = {isa = PBXFileReference; lastKnownFileType = sourcecode.swift; path = ParsingUtils.swift; sourceTree = "<group>"; };
		8E2C6BAD2E059AFC00A9379F /* AppConstants.swift */ = {isa = PBXFileReference; lastKnownFileType = sourcecode.swift; path = AppConstants.swift; sourceTree = "<group>"; };
		8E2C6BBC2E05EA3B00A9379F /* VideoFileRowView.swift */ = {isa = PBXFileReference; lastKnownFileType = sourcecode.swift; path = VideoFileRowView.swift; sourceTree = "<group>"; };
		8E2C6BBE2E084BC200A9379F /* SecurityScopedBookmarkManager.swift */ = {isa = PBXFileReference; lastKnownFileType = sourcecode.swift; path = SecurityScopedBookmarkManager.swift; sourceTree = "<group>"; };
		8E2CA2A32E09A9F8008D93F1 /* ToDo.md */ = {isa = PBXFileReference; lastKnownFileType = net.daringfireball.markdown; path = ToDo.md; sourceTree = "<group>"; };
		8E2CA2A52E09AA03008D93F1 /* readme.md */ = {isa = PBXFileReference; lastKnownFileType = net.daringfireball.markdown; path = readme.md; sourceTree = "<group>"; };
		8E2FFA3E2E217EEC00C06A0B /* ffprobe */ = {isa = PBXFileReference; lastKnownFileType = "compiled.mach-o.executable"; path = ffprobe; sourceTree = "<group>"; };
		8E545D822C33FD4A0088C274 /* DragAndDropView.swift */ = {isa = PBXFileReference; lastKnownFileType = sourcecode.swift; path = DragAndDropView.swift; sourceTree = "<group>"; };
		8E545D842C33FD610088C274 /* DocumentPickerView.swift */ = {isa = PBXFileReference; lastKnownFileType = sourcecode.swift; path = DocumentPickerView.swift; sourceTree = "<group>"; };
		8E545D862C33FD8C0088C274 /* VideoFilesUtil.swift */ = {isa = PBXFileReference; lastKnownFileType = sourcecode.swift; path = VideoFilesUtil.swift; sourceTree = "<group>"; };
		8E545D882C34030C0088C274 /* VideoFileListView.swift */ = {isa = PBXFileReference; lastKnownFileType = sourcecode.swift; path = VideoFileListView.swift; sourceTree = "<group>"; };
		8E545D8A2C3404040088C274 /* FFMPEGConverter.swift */ = {isa = PBXFileReference; lastKnownFileType = sourcecode.swift; path = FFMPEGConverter.swift; sourceTree = "<group>"; };
		8E545D932C3412AE0088C274 /* ConversionManager.swift */ = {isa = PBXFileReference; lastKnownFileType = sourcecode.swift; path = ConversionManager.swift; sourceTree = "<group>"; };
		8E903F5E2E05642D0075E05C /* FileNameProcessor.swift */ = {isa = PBXFileReference; lastKnownFileType = sourcecode.swift; path = FileNameProcessor.swift; sourceTree = "<group>"; };
		8EE0BB9B2E0892B70096171D /* SettingsView.swift */ = {isa = PBXFileReference; lastKnownFileType = sourcecode.swift; path = SettingsView.swift; sourceTree = "<group>"; };
		8EE0BB9D2E089F520096171D /* DockProgressView.swift */ = {isa = PBXFileReference; lastKnownFileType = sourcecode.swift; path = DockProgressView.swift; sourceTree = "<group>"; };
		8EE0BBBB2E0980560096171D /* Localizable.xcstrings */ = {isa = PBXFileReference; lastKnownFileType = text.json.xcstrings; path = Localizable.xcstrings; sourceTree = "<group>"; };
		8EE6EE962C31FC6B007B629D /* Aagedal VideoLoop Converter 2.0.app */ = {isa = PBXFileReference; explicitFileType = wrapper.application; includeInIndex = 0; path = "Aagedal VideoLoop Converter 2.0.app"; sourceTree = BUILT_PRODUCTS_DIR; };
		8EE6EE992C31FC6B007B629D /* Aagedal_VideoLoop_Converter_2_0App.swift */ = {isa = PBXFileReference; lastKnownFileType = sourcecode.swift; path = Aagedal_VideoLoop_Converter_2_0App.swift; sourceTree = "<group>"; };
		8EE6EE9B2C31FC6B007B629D /* ContentView.swift */ = {isa = PBXFileReference; lastKnownFileType = sourcecode.swift; path = ContentView.swift; sourceTree = "<group>"; };
		8EE6EE9F2C31FC6F007B629D /* Assets.xcassets */ = {isa = PBXFileReference; lastKnownFileType = folder.assetcatalog; path = Assets.xcassets; sourceTree = "<group>"; };
		8EE6EEA22C31FC6F007B629D /* Preview Assets.xcassets */ = {isa = PBXFileReference; lastKnownFileType = folder.assetcatalog; path = "Preview Assets.xcassets"; sourceTree = "<group>"; };
		8EE6EEA92C31FC6F007B629D /* Aagedal VideoLoop Converter 2.0Tests.xctest */ = {isa = PBXFileReference; explicitFileType = wrapper.cfbundle; includeInIndex = 0; path = "Aagedal VideoLoop Converter 2.0Tests.xctest"; sourceTree = BUILT_PRODUCTS_DIR; };
		8EE6EEAD2C31FC6F007B629D /* Aagedal_VideoLoop_Converter_2_0Tests.swift */ = {isa = PBXFileReference; lastKnownFileType = sourcecode.swift; path = Aagedal_VideoLoop_Converter_2_0Tests.swift; sourceTree = "<group>"; };
		8EE6EEB32C31FC6F007B629D /* Aagedal VideoLoop Converter 2.0UITests.xctest */ = {isa = PBXFileReference; explicitFileType = wrapper.cfbundle; includeInIndex = 0; path = "Aagedal VideoLoop Converter 2.0UITests.xctest"; sourceTree = BUILT_PRODUCTS_DIR; };
		8EE6EEB72C31FC6F007B629D /* Aagedal_VideoLoop_Converter_2_0UITests.swift */ = {isa = PBXFileReference; lastKnownFileType = sourcecode.swift; path = Aagedal_VideoLoop_Converter_2_0UITests.swift; sourceTree = "<group>"; };
		8EE6EEB92C31FC6F007B629D /* Aagedal_VideoLoop_Converter_2_0UITestsLaunchTests.swift */ = {isa = PBXFileReference; lastKnownFileType = sourcecode.swift; path = Aagedal_VideoLoop_Converter_2_0UITestsLaunchTests.swift; sourceTree = "<group>"; };
		8EF6370F2E086024001F2A90 /* Aagedal_VideoLoop_Converter_2_0.entitlements */ = {isa = PBXFileReference; lastKnownFileType = text.plist.entitlements; path = Aagedal_VideoLoop_Converter_2_0.entitlements; sourceTree = "<group>"; };
/* End PBXFileReference section */

/* Begin PBXFrameworksBuildPhase section */
		8EE6EE932C31FC6B007B629D /* Frameworks */ = {
			isa = PBXFrameworksBuildPhase;
			buildActionMask = 2147483647;
			files = (
			);
			runOnlyForDeploymentPostprocessing = 0;
		};
		8EE6EEA62C31FC6F007B629D /* Frameworks */ = {
			isa = PBXFrameworksBuildPhase;
			buildActionMask = 2147483647;
			files = (
				8E2C6BBB2E05A0C700A9379F /* Testing in Frameworks */,
			);
			runOnlyForDeploymentPostprocessing = 0;
		};
		8EE6EEB02C31FC6F007B629D /* Frameworks */ = {
			isa = PBXFrameworksBuildPhase;
			buildActionMask = 2147483647;
			files = (
			);
			runOnlyForDeploymentPostprocessing = 0;
		};
/* End PBXFrameworksBuildPhase section */

/* Begin PBXGroup section */
		8E0C32CA2E09EC3B00F22B21 /* AppIntents */ = {
			isa = PBXGroup;
			children = (
				8E0C32C92E09EC3B00F22B21 /* AddToEncodeQueueIntent.swift */,
				8E0C32CC2E09EF1C00F22B21 /* ConvertImmediatelyIntent.swift */,
			);
			path = AppIntents;
			sourceTree = "<group>";
		};
		8E0C32D02E09FC5100F22B21 /* Licenses */ = {
			isa = PBXGroup;
			children = (
				8E0C32CE2E09F5E400F22B21 /* ffmpeg-LICENSE.txt */,
			);
			path = Licenses;
			sourceTree = "<group>";
		};
		8E0CA7A62C3416BD00EA7C37 /* Binaries */ = {
			isa = PBXGroup;
			children = (
				8E2FFA3E2E217EEC00C06A0B /* ffprobe */,
				8E0CA7A52C34160C00EA7C37 /* ffmpeg */,
			);
			path = Binaries;
			sourceTree = "<group>";
		};
		8E0CA7A72C3416C800EA7C37 /* Sounds */ = {
			isa = PBXGroup;
			children = (
				8E0CA7A32C34160C00EA7C37 /* done.mp3 */,
				8E0CA7A42C34160C00EA7C37 /* error.mp3 */,
			);
			path = Sounds;
			sourceTree = "<group>";
		};
		8E0CA7A82C3416EF00EA7C37 /* UI */ = {
			isa = PBXGroup;
			children = (
				8EE0BB9B2E0892B70096171D /* SettingsView.swift */,
				8E545D882C34030C0088C274 /* VideoFileListView.swift */,
				8EE0BB9D2E089F520096171D /* DockProgressView.swift */,
				8E2C6BBC2E05EA3B00A9379F /* VideoFileRowView.swift */,
				8E545D822C33FD4A0088C274 /* DragAndDropView.swift */,
				8E545D842C33FD610088C274 /* DocumentPickerView.swift */,
				8EE6EE9B2C31FC6B007B629D /* ContentView.swift */,
			);
			path = UI;
			sourceTree = "<group>";
		};
		8E0CA7A92C34171300EA7C37 /* Logic */ = {
			isa = PBXGroup;
			children = (
				8E545D932C3412AE0088C274 /* ConversionManager.swift */,
				8E545D8A2C3404040088C274 /* FFMPEGConverter.swift */,
				8E545D862C33FD8C0088C274 /* VideoFilesUtil.swift */,
				8E0CA7AB2C3458A400EA7C37 /* ParsingUtils.swift */,
				8E903F5E2E05642D0075E05C /* FileNameProcessor.swift */,
			);
			path = Logic;
			sourceTree = "<group>";
		};
		8E2C6BAE2E059AFC00A9379F /* Utils */ = {
			isa = PBXGroup;
			children = (
				8E2C6BBE2E084BC200A9379F /* SecurityScopedBookmarkManager.swift */,
				8E2C6BAD2E059AFC00A9379F /* AppConstants.swift */,
			);
			path = Utils;
			sourceTree = "<group>";
		};
		8EE0BBB92E0980090096171D /* Resources */ = {
			isa = PBXGroup;
			children = (
				8EE6EE9F2C31FC6F007B629D /* Assets.xcassets */,
				8EE0BBBB2E0980560096171D /* Localizable.xcstrings */,
			);
			path = Resources;
			sourceTree = "<group>";
		};
		8EE6EE8D2C31FC6B007B629D = {
			isa = PBXGroup;
			children = (
				8E0C32D02E09FC5100F22B21 /* Licenses */,
				8EE6EE982C31FC6B007B629D /* Aagedal VideoLoop Converter 2.0 */,
				8EE6EEAC2C31FC6F007B629D /* Aagedal VideoLoop Converter 2.0Tests */,
				8EE6EEB62C31FC6F007B629D /* Aagedal VideoLoop Converter 2.0UITests */,
				8EE6EE972C31FC6B007B629D /* Products */,
				8E0C32C72E09E58F00F22B21 /* LICENSE */,
				8E2CA2A52E09AA03008D93F1 /* readme.md */,
			);
			sourceTree = "<group>";
		};
		8EE6EE972C31FC6B007B629D /* Products */ = {
			isa = PBXGroup;
			children = (
				8EE6EE962C31FC6B007B629D /* Aagedal VideoLoop Converter 2.0.app */,
				8EE6EEA92C31FC6F007B629D /* Aagedal VideoLoop Converter 2.0Tests.xctest */,
				8EE6EEB32C31FC6F007B629D /* Aagedal VideoLoop Converter 2.0UITests.xctest */,
			);
			name = Products;
			sourceTree = "<group>";
		};
		8EE6EE982C31FC6B007B629D /* Aagedal VideoLoop Converter 2.0 */ = {
			isa = PBXGroup;
			children = (
				8E0C32D12E09FDDC00F22B21 /* Aagedal VideoLoop Converter 2.0Debug.entitlements */,
				8EF6370F2E086024001F2A90 /* Aagedal_VideoLoop_Converter_2_0.entitlements */,
				8E0CA7A92C34171300EA7C37 /* Logic */,
				8E2C6BAE2E059AFC00A9379F /* Utils */,
				8E0CA7A82C3416EF00EA7C37 /* UI */,
				8E0CA7A72C3416C800EA7C37 /* Sounds */,
				8E0CA7A62C3416BD00EA7C37 /* Binaries */,
				8EE6EE992C31FC6B007B629D /* Aagedal_VideoLoop_Converter_2_0App.swift */,
				8EE6EEA12C31FC6F007B629D /* Preview Content */,
				8EE0BBB92E0980090096171D /* Resources */,
				8E2CA2A32E09A9F8008D93F1 /* ToDo.md */,
				8E0C32CA2E09EC3B00F22B21 /* AppIntents */,
			);
			path = "Aagedal VideoLoop Converter 2.0";
			sourceTree = "<group>";
		};
		8EE6EEA12C31FC6F007B629D /* Preview Content */ = {
			isa = PBXGroup;
			children = (
				8EE6EEA22C31FC6F007B629D /* Preview Assets.xcassets */,
			);
			path = "Preview Content";
			sourceTree = "<group>";
		};
		8EE6EEAC2C31FC6F007B629D /* Aagedal VideoLoop Converter 2.0Tests */ = {
			isa = PBXGroup;
			children = (
				8EE6EEAD2C31FC6F007B629D /* Aagedal_VideoLoop_Converter_2_0Tests.swift */,
			);
			path = "Aagedal VideoLoop Converter 2.0Tests";
			sourceTree = "<group>";
		};
		8EE6EEB62C31FC6F007B629D /* Aagedal VideoLoop Converter 2.0UITests */ = {
			isa = PBXGroup;
			children = (
				8EE6EEB72C31FC6F007B629D /* Aagedal_VideoLoop_Converter_2_0UITests.swift */,
				8EE6EEB92C31FC6F007B629D /* Aagedal_VideoLoop_Converter_2_0UITestsLaunchTests.swift */,
			);
			path = "Aagedal VideoLoop Converter 2.0UITests";
			sourceTree = "<group>";
		};
/* End PBXGroup section */

/* Begin PBXNativeTarget section */
		8EE6EE952C31FC6B007B629D /* Aagedal VideoLoop Converter 2.0 */ = {
			isa = PBXNativeTarget;
			buildConfigurationList = 8EE6EEBD2C31FC6F007B629D /* Build configuration list for PBXNativeTarget "Aagedal VideoLoop Converter 2.0" */;
			buildPhases = (
				8EE6EE922C31FC6B007B629D /* Sources */,
				8EE6EE932C31FC6B007B629D /* Frameworks */,
				8EE6EE942C31FC6B007B629D /* Resources */,
			);
			buildRules = (
			);
			dependencies = (
			);
			name = "Aagedal VideoLoop Converter 2.0";
			productName = "Aagedal VideoLoop Converter 2.0";
			productReference = 8EE6EE962C31FC6B007B629D /* Aagedal VideoLoop Converter 2.0.app */;
			productType = "com.apple.product-type.application";
		};
		8EE6EEA82C31FC6F007B629D /* Aagedal VideoLoop Converter 2.0Tests */ = {
			isa = PBXNativeTarget;
			buildConfigurationList = 8EE6EEC02C31FC6F007B629D /* Build configuration list for PBXNativeTarget "Aagedal VideoLoop Converter 2.0Tests" */;
			buildPhases = (
				8EE6EEA52C31FC6F007B629D /* Sources */,
				8EE6EEA62C31FC6F007B629D /* Frameworks */,
				8EE6EEA72C31FC6F007B629D /* Resources */,
			);
			buildRules = (
			);
			dependencies = (
				8EE6EEAB2C31FC6F007B629D /* PBXTargetDependency */,
			);
			name = "Aagedal VideoLoop Converter 2.0Tests";
			productName = "Aagedal VideoLoop Converter 2.0Tests";
			productReference = 8EE6EEA92C31FC6F007B629D /* Aagedal VideoLoop Converter 2.0Tests.xctest */;
			productType = "com.apple.product-type.bundle.unit-test";
		};
		8EE6EEB22C31FC6F007B629D /* Aagedal VideoLoop Converter 2.0UITests */ = {
			isa = PBXNativeTarget;
			buildConfigurationList = 8EE6EEC32C31FC6F007B629D /* Build configuration list for PBXNativeTarget "Aagedal VideoLoop Converter 2.0UITests" */;
			buildPhases = (
				8EE6EEAF2C31FC6F007B629D /* Sources */,
				8EE6EEB02C31FC6F007B629D /* Frameworks */,
				8EE6EEB12C31FC6F007B629D /* Resources */,
			);
			buildRules = (
			);
			dependencies = (
				8EE6EEB52C31FC6F007B629D /* PBXTargetDependency */,
			);
			name = "Aagedal VideoLoop Converter 2.0UITests";
			productName = "Aagedal VideoLoop Converter 2.0UITests";
			productReference = 8EE6EEB32C31FC6F007B629D /* Aagedal VideoLoop Converter 2.0UITests.xctest */;
			productType = "com.apple.product-type.bundle.ui-testing";
		};
/* End PBXNativeTarget section */

/* Begin PBXProject section */
		8EE6EE8E2C31FC6B007B629D /* Project object */ = {
			isa = PBXProject;
			attributes = {
				BuildIndependentTargetsInParallel = 1;
				LastSwiftUpdateCheck = 1600;
				LastUpgradeCheck = 2600;
				TargetAttributes = {
					8EE6EE952C31FC6B007B629D = {
						CreatedOnToolsVersion = 16.0;
					};
					8EE6EEA82C31FC6F007B629D = {
						CreatedOnToolsVersion = 16.0;
						TestTargetID = 8EE6EE952C31FC6B007B629D;
					};
					8EE6EEB22C31FC6F007B629D = {
						CreatedOnToolsVersion = 16.0;
						TestTargetID = 8EE6EE952C31FC6B007B629D;
					};
				};
			};
			buildConfigurationList = 8EE6EE912C31FC6B007B629D /* Build configuration list for PBXProject "Aagedal VideoLoop Converter 2.0" */;
			compatibilityVersion = "Xcode 15.0";
			developmentRegion = en;
			hasScannedForEncodings = 0;
			knownRegions = (
				en,
				Base,
				nb,
			);
			mainGroup = 8EE6EE8D2C31FC6B007B629D;
			packageReferences = (
			);
			productRefGroup = 8EE6EE972C31FC6B007B629D /* Products */;
			projectDirPath = "";
			projectRoot = "";
			targets = (
				8EE6EE952C31FC6B007B629D /* Aagedal VideoLoop Converter 2.0 */,
				8EE6EEA82C31FC6F007B629D /* Aagedal VideoLoop Converter 2.0Tests */,
				8EE6EEB22C31FC6F007B629D /* Aagedal VideoLoop Converter 2.0UITests */,
			);
		};
/* End PBXProject section */

/* Begin PBXResourcesBuildPhase section */
		8EE6EE942C31FC6B007B629D /* Resources */ = {
			isa = PBXResourcesBuildPhase;
			buildActionMask = 2147483647;
			files = (
				8E0CA7AA2C3419CA00EA7C37 /* ffmpeg in Resources */,
				8EE6EEA32C31FC6F007B629D /* Preview Assets.xcassets in Resources */,
				8EE0BBBC2E0980560096171D /* Localizable.xcstrings in Resources */,
				8E2FFA3F2E217EEC00C06A0B /* ffprobe in Resources */,
				8E0C32C82E09E58F00F22B21 /* LICENSE in Resources */,
				8EE6EEA02C31FC6F007B629D /* Assets.xcassets in Resources */,
				8E2CA2A42E09A9F8008D93F1 /* ToDo.md in Resources */,
				8E2CA2A62E09AA09008D93F1 /* readme.md in Resources */,
				8E0C32CF2E09F5F100F22B21 /* ffmpeg-LICENSE.txt in Resources */,
			);
			runOnlyForDeploymentPostprocessing = 0;
		};
		8EE6EEA72C31FC6F007B629D /* Resources */ = {
			isa = PBXResourcesBuildPhase;
			buildActionMask = 2147483647;
			files = (
			);
			runOnlyForDeploymentPostprocessing = 0;
		};
		8EE6EEB12C31FC6F007B629D /* Resources */ = {
			isa = PBXResourcesBuildPhase;
			buildActionMask = 2147483647;
			files = (
			);
			runOnlyForDeploymentPostprocessing = 0;
		};
/* End PBXResourcesBuildPhase section */

/* Begin PBXSourcesBuildPhase section */
		8EE6EE922C31FC6B007B629D /* Sources */ = {
			isa = PBXSourcesBuildPhase;
			buildActionMask = 2147483647;
			files = (
				8EE0BB9C2E0892B70096171D /* SettingsView.swift in Sources */,
				8E545D852C33FD610088C274 /* DocumentPickerView.swift in Sources */,
				8EE0BB9E2E089F520096171D /* DockProgressView.swift in Sources */,
				8E545D872C33FD8C0088C274 /* VideoFilesUtil.swift in Sources */,
				8E0CA7AC2C3458A400EA7C37 /* ParsingUtils.swift in Sources */,
				8E2C6BBF2E084BC200A9379F /* SecurityScopedBookmarkManager.swift in Sources */,
				8E2C6BAF2E059AFC00A9379F /* AppConstants.swift in Sources */,
				8E2C6BBD2E05EA3B00A9379F /* VideoFileRowView.swift in Sources */,
				8E0C32CB2E09EC3B00F22B21 /* AddToEncodeQueueIntent.swift in Sources */,
				8E903F5F2E05642D0075E05C /* FileNameProcessor.swift in Sources */,
				8E0C32CD2E09EF1C00F22B21 /* ConvertImmediatelyIntent.swift in Sources */,
				8E545D942C3412AE0088C274 /* ConversionManager.swift in Sources */,
				8EE6EE9C2C31FC6B007B629D /* ContentView.swift in Sources */,
				8E545D832C33FD4A0088C274 /* DragAndDropView.swift in Sources */,
				8EE6EE9A2C31FC6B007B629D /* Aagedal_VideoLoop_Converter_2_0App.swift in Sources */,
				8E545D8B2C3404040088C274 /* FFMPEGConverter.swift in Sources */,
				8E545D892C34030C0088C274 /* VideoFileListView.swift in Sources */,
			);
			runOnlyForDeploymentPostprocessing = 0;
		};
		8EE6EEA52C31FC6F007B629D /* Sources */ = {
			isa = PBXSourcesBuildPhase;
			buildActionMask = 2147483647;
			files = (
			);
			runOnlyForDeploymentPostprocessing = 0;
		};
		8EE6EEAF2C31FC6F007B629D /* Sources */ = {
			isa = PBXSourcesBuildPhase;
			buildActionMask = 2147483647;
			files = (
				8EE6EEB82C31FC6F007B629D /* Aagedal_VideoLoop_Converter_2_0UITests.swift in Sources */,
				8EE6EEBA2C31FC6F007B629D /* Aagedal_VideoLoop_Converter_2_0UITestsLaunchTests.swift in Sources */,
			);
			runOnlyForDeploymentPostprocessing = 0;
		};
/* End PBXSourcesBuildPhase section */

/* Begin PBXTargetDependency section */
		8EE6EEAB2C31FC6F007B629D /* PBXTargetDependency */ = {
			isa = PBXTargetDependency;
			target = 8EE6EE952C31FC6B007B629D /* Aagedal VideoLoop Converter 2.0 */;
			targetProxy = 8EE6EEAA2C31FC6F007B629D /* PBXContainerItemProxy */;
		};
		8EE6EEB52C31FC6F007B629D /* PBXTargetDependency */ = {
			isa = PBXTargetDependency;
			target = 8EE6EE952C31FC6B007B629D /* Aagedal VideoLoop Converter 2.0 */;
			targetProxy = 8EE6EEB42C31FC6F007B629D /* PBXContainerItemProxy */;
		};
/* End PBXTargetDependency section */

/* Begin XCBuildConfiguration section */
		8EE6EEBB2C31FC6F007B629D /* Debug */ = {
			isa = XCBuildConfiguration;
			buildSettings = {
				ALWAYS_SEARCH_USER_PATHS = NO;
				ASSETCATALOG_COMPILER_GENERATE_SWIFT_ASSET_SYMBOL_EXTENSIONS = YES;
				CLANG_ANALYZER_NONNULL = YES;
				CLANG_ANALYZER_NUMBER_OBJECT_CONVERSION = YES_AGGRESSIVE;
				CLANG_CXX_LANGUAGE_STANDARD = "gnu++20";
				CLANG_ENABLE_MODULES = YES;
				CLANG_ENABLE_OBJC_ARC = YES;
				CLANG_ENABLE_OBJC_WEAK = YES;
				CLANG_WARN_BLOCK_CAPTURE_AUTORELEASING = YES;
				CLANG_WARN_BOOL_CONVERSION = YES;
				CLANG_WARN_COMMA = YES;
				CLANG_WARN_CONSTANT_CONVERSION = YES;
				CLANG_WARN_DEPRECATED_OBJC_IMPLEMENTATIONS = YES;
				CLANG_WARN_DIRECT_OBJC_ISA_USAGE = YES_ERROR;
				CLANG_WARN_DOCUMENTATION_COMMENTS = YES;
				CLANG_WARN_EMPTY_BODY = YES;
				CLANG_WARN_ENUM_CONVERSION = YES;
				CLANG_WARN_INFINITE_RECURSION = YES;
				CLANG_WARN_INT_CONVERSION = YES;
				CLANG_WARN_NON_LITERAL_NULL_CONVERSION = YES;
				CLANG_WARN_OBJC_IMPLICIT_RETAIN_SELF = YES;
				CLANG_WARN_OBJC_LITERAL_CONVERSION = YES;
				CLANG_WARN_OBJC_ROOT_CLASS = YES_ERROR;
				CLANG_WARN_QUOTED_INCLUDE_IN_FRAMEWORK_HEADER = YES;
				CLANG_WARN_RANGE_LOOP_ANALYSIS = YES;
				CLANG_WARN_STRICT_PROTOTYPES = YES;
				CLANG_WARN_SUSPICIOUS_MOVE = YES;
				CLANG_WARN_UNGUARDED_AVAILABILITY = YES_AGGRESSIVE;
				CLANG_WARN_UNREACHABLE_CODE = YES;
				CLANG_WARN__DUPLICATE_METHOD_MATCH = YES;
				COPY_PHASE_STRIP = NO;
				DEAD_CODE_STRIPPING = YES;
				DEBUG_INFORMATION_FORMAT = dwarf;
				DEVELOPMENT_TEAM = 3R5QGG9DW6;
				ENABLE_STRICT_OBJC_MSGSEND = YES;
				ENABLE_TESTABILITY = YES;
				ENABLE_USER_SCRIPT_SANDBOXING = YES;
				EXCLUDED_ARCHS = x86_64;
				GCC_C_LANGUAGE_STANDARD = gnu17;
				GCC_DYNAMIC_NO_PIC = NO;
				GCC_NO_COMMON_BLOCKS = YES;
				GCC_OPTIMIZATION_LEVEL = 0;
				GCC_PREPROCESSOR_DEFINITIONS = (
					"DEBUG=1",
					"$(inherited)",
				);
				GCC_WARN_64_TO_32_BIT_CONVERSION = YES;
				GCC_WARN_ABOUT_RETURN_TYPE = YES_ERROR;
				GCC_WARN_UNDECLARED_SELECTOR = YES;
				GCC_WARN_UNINITIALIZED_AUTOS = YES_AGGRESSIVE;
				GCC_WARN_UNUSED_FUNCTION = YES;
				GCC_WARN_UNUSED_VARIABLE = YES;
				LOCALIZATION_PREFERS_STRING_CATALOGS = YES;
				MACOSX_DEPLOYMENT_TARGET = 15.0;
				MTL_ENABLE_DEBUG_INFO = INCLUDE_SOURCE;
				MTL_FAST_MATH = YES;
				ONLY_ACTIVE_ARCH = YES;
				SDKROOT = macosx;
				STRING_CATALOG_GENERATE_SYMBOLS = YES;
				SWIFT_ACTIVE_COMPILATION_CONDITIONS = "DEBUG $(inherited)";
				SWIFT_COMPILATION_MODE = singlefile;
				SWIFT_EMIT_LOC_STRINGS = YES;
				SWIFT_OPTIMIZATION_LEVEL = "-Onone";
				SWIFT_STRICT_CONCURRENCY = complete;
				SWIFT_UPCOMING_FEATURE_CONCISE_MAGIC_FILE = YES;
				SWIFT_UPCOMING_FEATURE_DEPRECATE_APPLICATION_MAIN = YES;
				SWIFT_UPCOMING_FEATURE_DISABLE_OUTWARD_ACTOR_ISOLATION = YES;
				SWIFT_UPCOMING_FEATURE_FORWARD_TRAILING_CLOSURES = YES;
				SWIFT_UPCOMING_FEATURE_GLOBAL_CONCURRENCY = YES;
				SWIFT_UPCOMING_FEATURE_IMPLICIT_OPEN_EXISTENTIALS = YES;
				SWIFT_UPCOMING_FEATURE_IMPORT_OBJC_FORWARD_DECLS = YES;
				SWIFT_UPCOMING_FEATURE_INFER_SENDABLE_FROM_CAPTURES = YES;
				SWIFT_UPCOMING_FEATURE_ISOLATED_DEFAULT_VALUES = YES;
				SWIFT_UPCOMING_FEATURE_REGION_BASED_ISOLATION = YES;
				SWIFT_VERSION = 6.0;
			};
			name = Debug;
		};
		8EE6EEBC2C31FC6F007B629D /* Release */ = {
			isa = XCBuildConfiguration;
			buildSettings = {
				ALWAYS_SEARCH_USER_PATHS = NO;
				ASSETCATALOG_COMPILER_GENERATE_SWIFT_ASSET_SYMBOL_EXTENSIONS = YES;
				CLANG_ANALYZER_NONNULL = YES;
				CLANG_ANALYZER_NUMBER_OBJECT_CONVERSION = YES_AGGRESSIVE;
				CLANG_CXX_LANGUAGE_STANDARD = "gnu++20";
				CLANG_ENABLE_MODULES = YES;
				CLANG_ENABLE_OBJC_ARC = YES;
				CLANG_ENABLE_OBJC_WEAK = YES;
				CLANG_WARN_BLOCK_CAPTURE_AUTORELEASING = YES;
				CLANG_WARN_BOOL_CONVERSION = YES;
				CLANG_WARN_COMMA = YES;
				CLANG_WARN_CONSTANT_CONVERSION = YES;
				CLANG_WARN_DEPRECATED_OBJC_IMPLEMENTATIONS = YES;
				CLANG_WARN_DIRECT_OBJC_ISA_USAGE = YES_ERROR;
				CLANG_WARN_DOCUMENTATION_COMMENTS = YES;
				CLANG_WARN_EMPTY_BODY = YES;
				CLANG_WARN_ENUM_CONVERSION = YES;
				CLANG_WARN_INFINITE_RECURSION = YES;
				CLANG_WARN_INT_CONVERSION = YES;
				CLANG_WARN_NON_LITERAL_NULL_CONVERSION = YES;
				CLANG_WARN_OBJC_IMPLICIT_RETAIN_SELF = YES;
				CLANG_WARN_OBJC_LITERAL_CONVERSION = YES;
				CLANG_WARN_OBJC_ROOT_CLASS = YES_ERROR;
				CLANG_WARN_QUOTED_INCLUDE_IN_FRAMEWORK_HEADER = YES;
				CLANG_WARN_RANGE_LOOP_ANALYSIS = YES;
				CLANG_WARN_STRICT_PROTOTYPES = YES;
				CLANG_WARN_SUSPICIOUS_MOVE = YES;
				CLANG_WARN_UNGUARDED_AVAILABILITY = YES_AGGRESSIVE;
				CLANG_WARN_UNREACHABLE_CODE = YES;
				CLANG_WARN__DUPLICATE_METHOD_MATCH = YES;
				COPY_PHASE_STRIP = NO;
				DEAD_CODE_STRIPPING = YES;
				DEBUG_INFORMATION_FORMAT = "dwarf-with-dsym";
				DEVELOPMENT_TEAM = 3R5QGG9DW6;
				ENABLE_NS_ASSERTIONS = NO;
				ENABLE_STRICT_OBJC_MSGSEND = YES;
				ENABLE_USER_SCRIPT_SANDBOXING = YES;
				EXCLUDED_ARCHS = x86_64;
				GCC_C_LANGUAGE_STANDARD = gnu17;
				GCC_NO_COMMON_BLOCKS = YES;
				GCC_WARN_64_TO_32_BIT_CONVERSION = YES;
				GCC_WARN_ABOUT_RETURN_TYPE = YES_ERROR;
				GCC_WARN_UNDECLARED_SELECTOR = YES;
				GCC_WARN_UNINITIALIZED_AUTOS = YES_AGGRESSIVE;
				GCC_WARN_UNUSED_FUNCTION = YES;
				GCC_WARN_UNUSED_VARIABLE = YES;
				LOCALIZATION_PREFERS_STRING_CATALOGS = YES;
				MACOSX_DEPLOYMENT_TARGET = 15.0;
				MTL_ENABLE_DEBUG_INFO = NO;
				MTL_FAST_MATH = YES;
				ONLY_ACTIVE_ARCH = YES;
				SDKROOT = macosx;
				STRING_CATALOG_GENERATE_SYMBOLS = YES;
				SWIFT_COMPILATION_MODE = wholemodule;
				SWIFT_EMIT_LOC_STRINGS = YES;
				SWIFT_STRICT_CONCURRENCY = complete;
				SWIFT_UPCOMING_FEATURE_CONCISE_MAGIC_FILE = YES;
				SWIFT_UPCOMING_FEATURE_DEPRECATE_APPLICATION_MAIN = YES;
				SWIFT_UPCOMING_FEATURE_DISABLE_OUTWARD_ACTOR_ISOLATION = YES;
				SWIFT_UPCOMING_FEATURE_FORWARD_TRAILING_CLOSURES = YES;
				SWIFT_UPCOMING_FEATURE_GLOBAL_CONCURRENCY = YES;
				SWIFT_UPCOMING_FEATURE_IMPLICIT_OPEN_EXISTENTIALS = YES;
				SWIFT_UPCOMING_FEATURE_IMPORT_OBJC_FORWARD_DECLS = YES;
				SWIFT_UPCOMING_FEATURE_INFER_SENDABLE_FROM_CAPTURES = YES;
				SWIFT_UPCOMING_FEATURE_ISOLATED_DEFAULT_VALUES = YES;
				SWIFT_UPCOMING_FEATURE_REGION_BASED_ISOLATION = YES;
				SWIFT_VERSION = 6.0;
				TARGETED_DEVICE_FAMILY = "";
			};
			name = Release;
		};
		8EE6EEBE2C31FC6F007B629D /* Debug */ = {
			isa = XCBuildConfiguration;
			buildSettings = {
				ARCHS = "$(ARCHS_STANDARD)";
				ASSETCATALOG_COMPILER_APPICON_NAME = AppIcon;
				ASSETCATALOG_COMPILER_GLOBAL_ACCENT_COLOR_NAME = AccentColor;
				CODE_SIGN_ENTITLEMENTS = "Aagedal VideoLoop Converter 2.0/Aagedal VideoLoop Converter 2.0Debug.entitlements";
				CODE_SIGN_IDENTITY = "Apple Development";
				CODE_SIGN_STYLE = Automatic;
				COMBINE_HIDPI_IMAGES = YES;
				CURRENT_PROJECT_VERSION = 21;
				DEAD_CODE_STRIPPING = YES;
				DEVELOPMENT_ASSET_PATHS = "\"Aagedal VideoLoop Converter 2.0/Preview Content\"";
				ENABLE_APP_SANDBOX = YES;
				ENABLE_FILE_ACCESS_DOWNLOADS_FOLDER = readwrite;
				ENABLE_FILE_ACCESS_MOVIES_FOLDER = readwrite;
				ENABLE_HARDENED_RUNTIME = YES;
				ENABLE_INCOMING_NETWORK_CONNECTIONS = NO;
				ENABLE_OUTGOING_NETWORK_CONNECTIONS = NO;
				ENABLE_PREVIEWS = YES;
				ENABLE_RESOURCE_ACCESS_AUDIO_INPUT = NO;
				ENABLE_RESOURCE_ACCESS_BLUETOOTH = NO;
				ENABLE_RESOURCE_ACCESS_CALENDARS = NO;
				ENABLE_RESOURCE_ACCESS_CAMERA = NO;
				ENABLE_RESOURCE_ACCESS_CONTACTS = NO;
				ENABLE_RESOURCE_ACCESS_LOCATION = NO;
				ENABLE_RESOURCE_ACCESS_PRINTING = NO;
				ENABLE_RESOURCE_ACCESS_USB = NO;
				GENERATE_INFOPLIST_FILE = YES;
				INFOPLIST_KEY_CFBundleDisplayName = "Aagedal VideoLoop Converter";
				INFOPLIST_KEY_LSApplicationCategoryType = "public.app-category.video";
				INFOPLIST_KEY_NSHumanReadableCopyright = "";
				LD_RUNPATH_SEARCH_PATHS = (
					"$(inherited)",
					"@executable_path/../Frameworks",
				);
				MACOSX_DEPLOYMENT_TARGET = 15.0;
				MARKETING_VERSION = 2.0.1;
				PRODUCT_BUNDLE_IDENTIFIER = "com.aagedal.Aagedal-VideoLoop-Converter-2-0";
				PRODUCT_NAME = "$(TARGET_NAME)";
				PROVISIONING_PROFILE_SPECIFIER = "";
				SWIFT_EMIT_LOC_STRINGS = YES;
				SWIFT_VERSION = 6.0;
			};
			name = Debug;
		};
		8EE6EEBF2C31FC6F007B629D /* Release */ = {
			isa = XCBuildConfiguration;
			buildSettings = {
				ARCHS = "$(ARCHS_STANDARD)";
				ASSETCATALOG_COMPILER_APPICON_NAME = AppIcon;
				ASSETCATALOG_COMPILER_GLOBAL_ACCENT_COLOR_NAME = AccentColor;
				CODE_SIGN_ENTITLEMENTS = "Aagedal VideoLoop Converter 2.0/Aagedal_VideoLoop_Converter_2_0.entitlements";
				CODE_SIGN_IDENTITY = "Apple Development";
				CODE_SIGN_STYLE = Automatic;
				COMBINE_HIDPI_IMAGES = YES;
				CURRENT_PROJECT_VERSION = 21;
				DEAD_CODE_STRIPPING = YES;
				DEVELOPMENT_ASSET_PATHS = "\"Aagedal VideoLoop Converter 2.0/Preview Content\"";
				ENABLE_APP_SANDBOX = YES;
				ENABLE_FILE_ACCESS_DOWNLOADS_FOLDER = readwrite;
				ENABLE_FILE_ACCESS_MOVIES_FOLDER = readwrite;
				ENABLE_HARDENED_RUNTIME = YES;
				ENABLE_PREVIEWS = YES;
				ENABLE_USER_SELECTED_FILES = readwrite;
				GENERATE_INFOPLIST_FILE = YES;
				INFOPLIST_KEY_CFBundleDisplayName = "Aagedal VideoLoop Converter";
				INFOPLIST_KEY_LSApplicationCategoryType = "public.app-category.video";
				INFOPLIST_KEY_NSHumanReadableCopyright = "";
				LD_RUNPATH_SEARCH_PATHS = (
					"$(inherited)",
					"@executable_path/../Frameworks",
				);
				MACOSX_DEPLOYMENT_TARGET = 15.0;
				MARKETING_VERSION = 2.0.1;
				PRODUCT_BUNDLE_IDENTIFIER = "com.aagedal.Aagedal-VideoLoop-Converter-2-0";
				PRODUCT_NAME = "$(TARGET_NAME)";
				PROVISIONING_PROFILE_SPECIFIER = "";
				SWIFT_EMIT_LOC_STRINGS = YES;
				SWIFT_VERSION = 6.0;
			};
			name = Release;
		};
		8EE6EEC12C31FC6F007B629D /* Debug */ = {
			isa = XCBuildConfiguration;
			buildSettings = {
				BUNDLE_LOADER = "$(TEST_HOST)";
				CODE_SIGN_STYLE = Automatic;
				CURRENT_PROJECT_VERSION = 1;
				DEAD_CODE_STRIPPING = YES;
				GENERATE_INFOPLIST_FILE = YES;
				MACOSX_DEPLOYMENT_TARGET = 15.0;
				MARKETING_VERSION = 1.0;
				PRODUCT_BUNDLE_IDENTIFIER = "com.aagedal.Aagedal-VideoLoop-Converter-2-0Tests";
				PRODUCT_NAME = "$(TARGET_NAME)";
				SWIFT_EMIT_LOC_STRINGS = NO;
				SWIFT_VERSION = 6.0;
				TEST_HOST = "$(BUILT_PRODUCTS_DIR)/Aagedal VideoLoop Converter 2.0.app/$(BUNDLE_EXECUTABLE_FOLDER_PATH)/Aagedal VideoLoop Converter 2.0";
			};
			name = Debug;
		};
		8EE6EEC22C31FC6F007B629D /* Release */ = {
			isa = XCBuildConfiguration;
			buildSettings = {
				BUNDLE_LOADER = "$(TEST_HOST)";
				CODE_SIGN_STYLE = Automatic;
				CURRENT_PROJECT_VERSION = 1;
				DEAD_CODE_STRIPPING = YES;
				GENERATE_INFOPLIST_FILE = YES;
				MACOSX_DEPLOYMENT_TARGET = 15.0;
				MARKETING_VERSION = 1.0;
				PRODUCT_BUNDLE_IDENTIFIER = "com.aagedal.Aagedal-VideoLoop-Converter-2-0Tests";
				PRODUCT_NAME = "$(TARGET_NAME)";
				SWIFT_EMIT_LOC_STRINGS = NO;
				SWIFT_VERSION = 6.0;
				TEST_HOST = "$(BUILT_PRODUCTS_DIR)/Aagedal VideoLoop Converter 2.0.app/$(BUNDLE_EXECUTABLE_FOLDER_PATH)/Aagedal VideoLoop Converter 2.0";
			};
			name = Release;
		};
		8EE6EEC42C31FC6F007B629D /* Debug */ = {
			isa = XCBuildConfiguration;
			buildSettings = {
				CODE_SIGN_STYLE = Automatic;
				CURRENT_PROJECT_VERSION = 1;
				DEAD_CODE_STRIPPING = YES;
				GENERATE_INFOPLIST_FILE = YES;
				MARKETING_VERSION = 1.0;
				PRODUCT_BUNDLE_IDENTIFIER = "com.aagedal.Aagedal-VideoLoop-Converter-2-0UITests";
				PRODUCT_NAME = "$(TARGET_NAME)";
				SWIFT_EMIT_LOC_STRINGS = NO;
				SWIFT_VERSION = 5.0;
				TEST_TARGET_NAME = "Aagedal VideoLoop Converter 2.0";
			};
			name = Debug;
		};
		8EE6EEC52C31FC6F007B629D /* Release */ = {
			isa = XCBuildConfiguration;
			buildSettings = {
				CODE_SIGN_STYLE = Automatic;
				CURRENT_PROJECT_VERSION = 1;
				DEAD_CODE_STRIPPING = YES;
				GENERATE_INFOPLIST_FILE = YES;
				MARKETING_VERSION = 1.0;
				PRODUCT_BUNDLE_IDENTIFIER = "com.aagedal.Aagedal-VideoLoop-Converter-2-0UITests";
				PRODUCT_NAME = "$(TARGET_NAME)";
				SWIFT_EMIT_LOC_STRINGS = NO;
				SWIFT_VERSION = 5.0;
				TEST_TARGET_NAME = "Aagedal VideoLoop Converter 2.0";
			};
			name = Release;
		};
/* End XCBuildConfiguration section */

/* Begin XCConfigurationList section */
		8EE6EE912C31FC6B007B629D /* Build configuration list for PBXProject "Aagedal VideoLoop Converter 2.0" */ = {
			isa = XCConfigurationList;
			buildConfigurations = (
				8EE6EEBB2C31FC6F007B629D /* Debug */,
				8EE6EEBC2C31FC6F007B629D /* Release */,
			);
			defaultConfigurationIsVisible = 0;
			defaultConfigurationName = Release;
		};
		8EE6EEBD2C31FC6F007B629D /* Build configuration list for PBXNativeTarget "Aagedal VideoLoop Converter 2.0" */ = {
			isa = XCConfigurationList;
			buildConfigurations = (
				8EE6EEBE2C31FC6F007B629D /* Debug */,
				8EE6EEBF2C31FC6F007B629D /* Release */,
			);
			defaultConfigurationIsVisible = 0;
			defaultConfigurationName = Release;
		};
		8EE6EEC02C31FC6F007B629D /* Build configuration list for PBXNativeTarget "Aagedal VideoLoop Converter 2.0Tests" */ = {
			isa = XCConfigurationList;
			buildConfigurations = (
				8EE6EEC12C31FC6F007B629D /* Debug */,
				8EE6EEC22C31FC6F007B629D /* Release */,
			);
			defaultConfigurationIsVisible = 0;
			defaultConfigurationName = Release;
		};
		8EE6EEC32C31FC6F007B629D /* Build configuration list for PBXNativeTarget "Aagedal VideoLoop Converter 2.0UITests" */ = {
			isa = XCConfigurationList;
			buildConfigurations = (
				8EE6EEC42C31FC6F007B629D /* Debug */,
				8EE6EEC52C31FC6F007B629D /* Release */,
			);
			defaultConfigurationIsVisible = 0;
			defaultConfigurationName = Release;
		};
/* End XCConfigurationList section */

/* Begin XCRemoteSwiftPackageReference section */
		8E2C6BB92E05A0C700A9379F /* XCRemoteSwiftPackageReference "swift-testing" */ = {
			isa = XCRemoteSwiftPackageReference;
			repositoryURL = "https://github.com/apple/swift-testing";
			requirement = {
				kind = upToNextMajorVersion;
				minimumVersion = 6.1.1;
			};
		};
/* End XCRemoteSwiftPackageReference section */

/* Begin XCSwiftPackageProductDependency section */
		8E2C6BBA2E05A0C700A9379F /* Testing */ = {
			isa = XCSwiftPackageProductDependency;
			package = 8E2C6BB92E05A0C700A9379F /* XCRemoteSwiftPackageReference "swift-testing" */;
			productName = Testing;
		};
/* End XCSwiftPackageProductDependency section */
	};
	rootObject = 8EE6EE8E2C31FC6B007B629D /* Project object */;
}
